
Microsoft Visual Studio Solution File, Format Version 12.00
# Visual Studio 15
VisualStudioVersion = 15.0.28307.438
MinimumVisualStudioVersion = 10.0.40219.1
Project("{8BC9CEB8-8B4A-11D0-8D11-00A0C91BC942}") = "JuegoNaves", "JuegoNaves\JuegoNaves.vcxproj", "{DE4B2A67-604B-4D82-B450-65C4CA6E9B07}"
EndProject
Global
	GlobalSection(SolutionConfigurationPlatforms) = preSolution
		Debug|x64 = Debug|x64
		Debug|x86 = Debug|x86
		Release|x64 = Release|x64
		Release|x86 = Release|x86
	EndGlobalSection
	GlobalSection(ProjectConfigurationPlatforms) = postSolution
		{DE4B2A67-604B-4D82-B450-65C4CA6E9B07}.Debug|x64.ActiveCfg = Debug|x64
		{DE4B2A67-604B-4D82-B450-65C4CA6E9B07}.Debug|x64.Build.0 = Debug|x64
		{DE4B2A67-604B-4D82-B450-65C4CA6E9B07}.Debug|x86.ActiveCfg = Debug|Win32
		{DE4B2A67-604B-4D82-B450-65C4CA6E9B07}.Debug|x86.Build.0 = Debug|Win32
		{DE4B2A67-604B-4D82-B450-65C4CA6E9B07}.Release|x64.ActiveCfg = Release|x64
		{DE4B2A67-604B-4D82-B450-65C4CA6E9B07}.Release|x64.Build.0 = Release|x64
		{DE4B2A67-604B-4D82-B450-65C4CA6E9B07}.Release|x86.ActiveCfg = Release|Win32
		{DE4B2A67-604B-4D82-B450-65C4CA6E9B07}.Release|x86.Build.0 = Release|Win32
	EndGlobalSection
	GlobalSection(SolutionProperties) = preSolution
		HideSolutionNode = FALSE
	EndGlobalSection
	GlobalSection(ExtensibilityGlobals) = postSolution
		SolutionGuid = {E07FA2B4-F536-454D-93EA-9F764E1E7D6C}
	EndGlobalSection
EndGlobal
